
Microsoft Visual Studio Solution File, Format Version 12.00
# Visual Studio Version 16
VisualStudioVersion = 16.0.30011.22
MinimumVisualStudioVersion = 10.0.40219.1
Project("{FAE04EC0-301F-11D3-BF4B-00C04F79EFBC}") = "yumaster.Tools", "yumaster.Tools\yumaster.Tools.csproj", "{2B1E12E7-AEE9-4F6B-8832-B6ABDDFBEDEC}"
EndProject
Project("{9A19103F-16F7-4668-BE54-9A1E7A4F7556}") = "yumaster.Tools.Abstractions", "yumaster.Tools.Abstractions\yumaster.Tools.Abstractions.csproj", "{13F58118-5FF6-4956-B56D-8A43BB3D6649}"
EndProject
Project("{FAE04EC0-301F-11D3-BF4B-00C04F79EFBC}") = "yumaster.Tools.Core", "yumaster.Tools.Core\yumaster.Tools.Core.csproj", "{D62DAD41-2225-4F51-BBE3-77E50E280E32}"
EndProject
Global
	GlobalSection(SolutionConfigurationPlatforms) = preSolution
		Debug|Any CPU = Debug|Any CPU
		Release|Any CPU = Release|Any CPU
	EndGlobalSection
	GlobalSection(ProjectConfigurationPlatforms) = postSolution
		{2B1E12E7-AEE9-4F6B-8832-B6ABDDFBEDEC}.Debug|Any CPU.ActiveCfg = Debug|Any CPU
		{2B1E12E7-AEE9-4F6B-8832-B6ABDDFBEDEC}.Debug|Any CPU.Build.0 = Debug|Any CPU
		{2B1E12E7-AEE9-4F6B-8832-B6ABDDFBEDEC}.Release|Any CPU.ActiveCfg = Release|Any CPU
		{2B1E12E7-AEE9-4F6B-8832-B6ABDDFBEDEC}.Release|Any CPU.Build.0 = Release|Any CPU
		{13F58118-5FF6-4956-B56D-8A43BB3D6649}.Debug|Any CPU.ActiveCfg = Debug|Any CPU
		{13F58118-5FF6-4956-B56D-8A43BB3D6649}.Debug|Any CPU.Build.0 = Debug|Any CPU
		{13F58118-5FF6-4956-B56D-8A43BB3D6649}.Release|Any CPU.ActiveCfg = Release|Any CPU
		{13F58118-5FF6-4956-B56D-8A43BB3D6649}.Release|Any CPU.Build.0 = Release|Any CPU
		{D62DAD41-2225-4F51-BBE3-77E50E280E32}.Debug|Any CPU.ActiveCfg = Debug|Any CPU
		{D62DAD41-2225-4F51-BBE3-77E50E280E32}.Debug|Any CPU.Build.0 = Debug|Any CPU
		{D62DAD41-2225-4F51-BBE3-77E50E280E32}.Release|Any CPU.ActiveCfg = Release|Any CPU
		{D62DAD41-2225-4F51-BBE3-77E50E280E32}.Release|Any CPU.Build.0 = Release|Any CPU
	EndGlobalSection
	GlobalSection(SolutionProperties) = preSolution
		HideSolutionNode = FALSE
	EndGlobalSection
	GlobalSection(ExtensibilityGlobals) = postSolution
		SolutionGuid = {212A849E-DE71-4C2D-96E4-AEBFA336E5A8}
	EndGlobalSection
EndGlobal
